
Microsoft Visual Studio Solution File, Format Version 12.00
# Visual Studio 14
VisualStudioVersion = 14.0.25420.1
MinimumVisualStudioVersion = 10.0.40219.1
Project("{8BC9CEB8-8B4A-11D0-8D11-00A0C91BC942}") = "Test", "Test\Test.vcxproj", "{4DA187DA-D164-4C4B-ADC9-204949EFAAC1}"
EndProject
Project("{8BC9CEB8-8B4A-11D0-8D11-00A0C91BC942}") = "Daynhauhoc", "Daynhauhoc\Daynhauhoc.vcxproj", "{B8FA2FDF-E792-48E7-A67A-C74E1F633EC6}"
EndProject
Global
	GlobalSection(SolutionConfigurationPlatforms) = preSolution
		Debug|x64 = Debug|x64
		Debug|x86 = Debug|x86
		Release|x64 = Release|x64
		Release|x86 = Release|x86
	EndGlobalSection
	GlobalSection(ProjectConfigurationPlatforms) = postSolution
		{4DA187DA-D164-4C4B-ADC9-204949EFAAC1}.Debug|x64.ActiveCfg = Debug|x64
		{4DA187DA-D164-4C4B-ADC9-204949EFAAC1}.Debug|x64.Build.0 = Debug|x64
		{4DA187DA-D164-4C4B-ADC9-204949EFAAC1}.Debug|x86.ActiveCfg = Debug|Win32
		{4DA187DA-D164-4C4B-ADC9-204949EFAAC1}.Debug|x86.Build.0 = Debug|Win32
		{4DA187DA-D164-4C4B-ADC9-204949EFAAC1}.Release|x64.ActiveCfg = Release|x64
		{4DA187DA-D164-4C4B-ADC9-204949EFAAC1}.Release|x64.Build.0 = Release|x64
		{4DA187DA-D164-4C4B-ADC9-204949EFAAC1}.Release|x86.ActiveCfg = Release|Win32
		{4DA187DA-D164-4C4B-ADC9-204949EFAAC1}.Release|x86.Build.0 = Release|Win32
		{B8FA2FDF-E792-48E7-A67A-C74E1F633EC6}.Debug|x64.ActiveCfg = Debug|x64
		{B8FA2FDF-E792-48E7-A67A-C74E1F633EC6}.Debug|x64.Build.0 = Debug|x64
		{B8FA2FDF-E792-48E7-A67A-C74E1F633EC6}.Debug|x86.ActiveCfg = Debug|Win32
		{B8FA2FDF-E792-48E7-A67A-C74E1F633EC6}.Debug|x86.Build.0 = Debug|Win32
		{B8FA2FDF-E792-48E7-A67A-C74E1F633EC6}.Release|x64.ActiveCfg = Release|x64
		{B8FA2FDF-E792-48E7-A67A-C74E1F633EC6}.Release|x64.Build.0 = Release|x64
		{B8FA2FDF-E792-48E7-A67A-C74E1F633EC6}.Release|x86.ActiveCfg = Release|Win32
		{B8FA2FDF-E792-48E7-A67A-C74E1F633EC6}.Release|x86.Build.0 = Release|Win32
	EndGlobalSection
	GlobalSection(SolutionProperties) = preSolution
		HideSolutionNode = FALSE
	EndGlobalSection
EndGlobal
